
Microsoft Visual Studio Solution File, Format Version 12.00
# Visual Studio Version 17
VisualStudioVersion = 17.2.32616.157
MinimumVisualStudioVersion = 10.0.40219.1
Project("{2150E333-8FDC-42A3-9474-1A3956D46DE8}") = "Solution Items", "Solution Items", "{554CBBFD-2278-4463-9A44-97DE29589284}"
	ProjectSection(SolutionItems) = preProject
		Assignments.md = Assignments.md
		Project-Statements.md = Project-Statements.md
		readme.md = readme.md
	EndProjectSection
EndProject
Project("{FAE04EC0-301F-11D3-BF4B-00C04F79EFBC}") = "CS_Types_Conditions", "CS_Types_Conditions\CS_Types_Conditions.csproj", "{10EB5810-8D2C-470E-AB52-C306FC3F2F3C}"
EndProject
Project("{FAE04EC0-301F-11D3-BF4B-00C04F79EFBC}") = "CS_UsingStrings", "CS_UsingStrings\CS_UsingStrings.csproj", "{565040D8-3957-4758-B3FC-F3172312A6B7}"
EndProject
Project("{FAE04EC0-301F-11D3-BF4B-00C04F79EFBC}") = "CS_Boxing_unBoxing", "CS_Boxing_unBoxing\CS_Boxing_unBoxing.csproj", "{5824663E-3373-4EF7-AC65-BDAEEFCCD6A4}"
EndProject
Project("{FAE04EC0-301F-11D3-BF4B-00C04F79EFBC}") = "CS_Arrays", "CS_Arrays\CS_Arrays.csproj", "{B39F6638-1404-4715-8A79-1664F8745DF8}"
EndProject
Project("{FAE04EC0-301F-11D3-BF4B-00C04F79EFBC}") = "CS_Array_Methods", "CS_Array_Methods\CS_Array_Methods.csproj", "{E0F516CC-A4BA-41D4-8C9E-8D20C31FC86C}"
EndProject
Project("{FAE04EC0-301F-11D3-BF4B-00C04F79EFBC}") = "CS_Collections", "CS_Collections\CS_Collections.csproj", "{34C01249-AD89-45B7-9944-8DF265397D06}"
EndProject
Project("{FAE04EC0-301F-11D3-BF4B-00C04F79EFBC}") = "CS_Generic_Collections", "CS_Generic_Collections\CS_Generic_Collections.csproj", "{049FC5C0-4572-4835-9AA8-21BA1387FBA7}"
EndProject
Project("{FAE04EC0-301F-11D3-BF4B-00C04F79EFBC}") = "CS_UsingList", "CS_UsingList\CS_UsingList.csproj", "{0111B3F9-24E0-4B7B-B2C3-CA1FA86A6631}"
EndProject
Project("{2150E333-8FDC-42A3-9474-1A3956D46DE8}") = "OOPs", "OOPs", "{2C214CB7-4194-4A81-ACB5-7BD24456BC81}"
EndProject
Project("{FAE04EC0-301F-11D3-BF4B-00C04F79EFBC}") = "CS_Class", "CS_Class\CS_Class.csproj", "{187B0822-21CA-4942-9B9F-4DBBB74B8817}"
EndProject
Project("{FAE04EC0-301F-11D3-BF4B-00C04F79EFBC}") = "CS_Inheritence", "CS_Inheritence\CS_Inheritence.csproj", "{933DD8D6-117C-4725-8C26-AA58B7D3D934}"
EndProject
Project("{FAE04EC0-301F-11D3-BF4B-00C04F79EFBC}") = "CS_AbstractClass_Dynamic_Polymorphism", "CS_AbstractClass\CS_AbstractClass_Dynamic_Polymorphism.csproj", "{B4B203F7-2B50-4912-8F87-38EF32AF4B7E}"
EndProject
Project("{FAE04EC0-301F-11D3-BF4B-00C04F79EFBC}") = "CS_Simple_Polymorphism", "CS_Simple_Polymorphism\CS_Simple_Polymorphism.csproj", "{A783B0C7-DEAD-4D61-9A86-FEF3E7F2AB92}"
EndProject
Project("{FAE04EC0-301F-11D3-BF4B-00C04F79EFBC}") = "CS_SimpleAbstract", "CS_SimpleAbstract\CS_SimpleAbstract.csproj", "{F777D5CA-9A11-45E2-9A44-A10562D9C991}"
EndProject
Project("{FAE04EC0-301F-11D3-BF4B-00C04F79EFBC}") = "CS_SealedClass", "CS_SealedClass\CS_SealedClass.csproj", "{AA75FD52-50BA-4E9E-AEC3-CE19B3BF2CA5}"
EndProject
Project("{FAE04EC0-301F-11D3-BF4B-00C04F79EFBC}") = "CS_ClassProperties", "CS_ClassProperties\CS_ClassProperties.csproj", "{F505C0D2-BAC5-4887-A440-9E3DBAA4E905}"
EndProject
Project("{2150E333-8FDC-42A3-9474-1A3956D46DE8}") = "Applications", "Applications", "{E4B46D51-F813-4A1B-8221-9D89ADD8F84A}"
EndProject
Project("{FAE04EC0-301F-11D3-BF4B-00C04F79EFBC}") = "CS_EmployeeInfo", "CS_EmployeeInfo\CS_EmployeeInfo.csproj", "{B6B56A5C-C5AC-4EB4-8388-A89F86EAE3B2}"
EndProject
Project("{FAE04EC0-301F-11D3-BF4B-00C04F79EFBC}") = "CS_Interface", "CS_Interface\CS_Interface.csproj", "{511297F0-8140-45A0-B6AE-0E0677C43FA4}"
EndProject
Project("{2150E333-8FDC-42A3-9474-1A3956D46DE8}") = "CSProgrammingConcepts", "CSProgrammingConcepts", "{32DE6562-F106-4AA8-941E-F09675838594}"
EndProject
Project("{FAE04EC0-301F-11D3-BF4B-00C04F79EFBC}") = "CS_Events_Lambda", "CS_Events_Lambda\CS_Events_Lambda.csproj", "{04E9142C-DE45-4DB9-8CE3-C5D5C96BA22F}"
EndProject
Project("{FAE04EC0-301F-11D3-BF4B-00C04F79EFBC}") = "CS_Events", "CS_Events\CS_Events.csproj", "{218A42C6-6B5C-435E-98FC-02F53D6CC385}"
EndProject
Project("{FAE04EC0-301F-11D3-BF4B-00C04F79EFBC}") = "CS_ExtensionMethod", "CS_ExtensionMethod\CS_ExtensionMethod.csproj", "{D391CCF6-13F3-4D2B-A0BF-82672BBF36DD}"
EndProject
Project("{2150E333-8FDC-42A3-9474-1A3956D46DE8}") = "ADONet_Connected", "ADONet_Connected", "{EB986505-F620-4DE7-8063-9EFB4FAB19DC}"
EndProject
Project("{FAE04EC0-301F-11D3-BF4B-00C04F79EFBC}") = "Application.Entities", "Application.Entities\Application.Entities.csproj", "{C46EDD38-6A97-4E02-925F-B38C79D572DB}"
EndProject
Project("{FAE04EC0-301F-11D3-BF4B-00C04F79EFBC}") = "Application.DataAccess", "Application.DataAccess\Application.DataAccess.csproj", "{25D09393-D584-48DA-BF72-21CC764D5584}"
EndProject
Project("{2150E333-8FDC-42A3-9474-1A3956D46DE8}") = "ExceptionsApp", "ExceptionsApp", "{71FF8B87-0475-46D8-9A34-2A4D244F7A34}"
EndProject
Project("{FAE04EC0-301F-11D3-BF4B-00C04F79EFBC}") = "CS_UsingExceptions", "CS_UsingExceptions\CS_UsingExceptions.csproj", "{C41F3684-C91A-4BC5-8AEC-F9E0F7693EF4}"
EndProject
Project("{FAE04EC0-301F-11D3-BF4B-00C04F79EFBC}") = "Application.UI", "Application.Console.UI\Application.UI.csproj", "{50FD29F4-B7D0-41AA-9F4A-275D4C68DA0D}"
EndProject
Global
	GlobalSection(SolutionConfigurationPlatforms) = preSolution
		Debug|Any CPU = Debug|Any CPU
		Release|Any CPU = Release|Any CPU
	EndGlobalSection
	GlobalSection(ProjectConfigurationPlatforms) = postSolution
		{10EB5810-8D2C-470E-AB52-C306FC3F2F3C}.Debug|Any CPU.ActiveCfg = Debug|Any CPU
		{10EB5810-8D2C-470E-AB52-C306FC3F2F3C}.Debug|Any CPU.Build.0 = Debug|Any CPU
		{10EB5810-8D2C-470E-AB52-C306FC3F2F3C}.Release|Any CPU.ActiveCfg = Release|Any CPU
		{10EB5810-8D2C-470E-AB52-C306FC3F2F3C}.Release|Any CPU.Build.0 = Release|Any CPU
		{565040D8-3957-4758-B3FC-F3172312A6B7}.Debug|Any CPU.ActiveCfg = Debug|Any CPU
		{565040D8-3957-4758-B3FC-F3172312A6B7}.Debug|Any CPU.Build.0 = Debug|Any CPU
		{565040D8-3957-4758-B3FC-F3172312A6B7}.Release|Any CPU.ActiveCfg = Release|Any CPU
		{565040D8-3957-4758-B3FC-F3172312A6B7}.Release|Any CPU.Build.0 = Release|Any CPU
		{5824663E-3373-4EF7-AC65-BDAEEFCCD6A4}.Debug|Any CPU.ActiveCfg = Debug|Any CPU
		{5824663E-3373-4EF7-AC65-BDAEEFCCD6A4}.Debug|Any CPU.Build.0 = Debug|Any CPU
		{5824663E-3373-4EF7-AC65-BDAEEFCCD6A4}.Release|Any CPU.ActiveCfg = Release|Any CPU
		{5824663E-3373-4EF7-AC65-BDAEEFCCD6A4}.Release|Any CPU.Build.0 = Release|Any CPU
		{B39F6638-1404-4715-8A79-1664F8745DF8}.Debug|Any CPU.ActiveCfg = Debug|Any CPU
		{B39F6638-1404-4715-8A79-1664F8745DF8}.Debug|Any CPU.Build.0 = Debug|Any CPU
		{B39F6638-1404-4715-8A79-1664F8745DF8}.Release|Any CPU.ActiveCfg = Release|Any CPU
		{B39F6638-1404-4715-8A79-1664F8745DF8}.Release|Any CPU.Build.0 = Release|Any CPU
		{E0F516CC-A4BA-41D4-8C9E-8D20C31FC86C}.Debug|Any CPU.ActiveCfg = Debug|Any CPU
		{E0F516CC-A4BA-41D4-8C9E-8D20C31FC86C}.Debug|Any CPU.Build.0 = Debug|Any CPU
		{E0F516CC-A4BA-41D4-8C9E-8D20C31FC86C}.Release|Any CPU.ActiveCfg = Release|Any CPU
		{E0F516CC-A4BA-41D4-8C9E-8D20C31FC86C}.Release|Any CPU.Build.0 = Release|Any CPU
		{34C01249-AD89-45B7-9944-8DF265397D06}.Debug|Any CPU.ActiveCfg = Debug|Any CPU
		{34C01249-AD89-45B7-9944-8DF265397D06}.Debug|Any CPU.Build.0 = Debug|Any CPU
		{34C01249-AD89-45B7-9944-8DF265397D06}.Release|Any CPU.ActiveCfg = Release|Any CPU
		{34C01249-AD89-45B7-9944-8DF265397D06}.Release|Any CPU.Build.0 = Release|Any CPU
		{049FC5C0-4572-4835-9AA8-21BA1387FBA7}.Debug|Any CPU.ActiveCfg = Debug|Any CPU
		{049FC5C0-4572-4835-9AA8-21BA1387FBA7}.Debug|Any CPU.Build.0 = Debug|Any CPU
		{049FC5C0-4572-4835-9AA8-21BA1387FBA7}.Release|Any CPU.ActiveCfg = Release|Any CPU
		{049FC5C0-4572-4835-9AA8-21BA1387FBA7}.Release|Any CPU.Build.0 = Release|Any CPU
		{0111B3F9-24E0-4B7B-B2C3-CA1FA86A6631}.Debug|Any CPU.ActiveCfg = Debug|Any CPU
		{0111B3F9-24E0-4B7B-B2C3-CA1FA86A6631}.Debug|Any CPU.Build.0 = Debug|Any CPU
		{0111B3F9-24E0-4B7B-B2C3-CA1FA86A6631}.Release|Any CPU.ActiveCfg = Release|Any CPU
		{0111B3F9-24E0-4B7B-B2C3-CA1FA86A6631}.Release|Any CPU.Build.0 = Release|Any CPU
		{187B0822-21CA-4942-9B9F-4DBBB74B8817}.Debug|Any CPU.ActiveCfg = Debug|Any CPU
		{187B0822-21CA-4942-9B9F-4DBBB74B8817}.Debug|Any CPU.Build.0 = Debug|Any CPU
		{187B0822-21CA-4942-9B9F-4DBBB74B8817}.Release|Any CPU.ActiveCfg = Release|Any CPU
		{187B0822-21CA-4942-9B9F-4DBBB74B8817}.Release|Any CPU.Build.0 = Release|Any CPU
		{933DD8D6-117C-4725-8C26-AA58B7D3D934}.Debug|Any CPU.ActiveCfg = Debug|Any CPU
		{933DD8D6-117C-4725-8C26-AA58B7D3D934}.Debug|Any CPU.Build.0 = Debug|Any CPU
		{933DD8D6-117C-4725-8C26-AA58B7D3D934}.Release|Any CPU.ActiveCfg = Release|Any CPU
		{933DD8D6-117C-4725-8C26-AA58B7D3D934}.Release|Any CPU.Build.0 = Release|Any CPU
		{B4B203F7-2B50-4912-8F87-38EF32AF4B7E}.Debug|Any CPU.ActiveCfg = Debug|Any CPU
		{B4B203F7-2B50-4912-8F87-38EF32AF4B7E}.Debug|Any CPU.Build.0 = Debug|Any CPU
		{B4B203F7-2B50-4912-8F87-38EF32AF4B7E}.Release|Any CPU.ActiveCfg = Release|Any CPU
		{B4B203F7-2B50-4912-8F87-38EF32AF4B7E}.Release|Any CPU.Build.0 = Release|Any CPU
		{A783B0C7-DEAD-4D61-9A86-FEF3E7F2AB92}.Debug|Any CPU.ActiveCfg = Debug|Any CPU
		{A783B0C7-DEAD-4D61-9A86-FEF3E7F2AB92}.Debug|Any CPU.Build.0 = Debug|Any CPU
		{A783B0C7-DEAD-4D61-9A86-FEF3E7F2AB92}.Release|Any CPU.ActiveCfg = Release|Any CPU
		{A783B0C7-DEAD-4D61-9A86-FEF3E7F2AB92}.Release|Any CPU.Build.0 = Release|Any CPU
		{F777D5CA-9A11-45E2-9A44-A10562D9C991}.Debug|Any CPU.ActiveCfg = Debug|Any CPU
		{F777D5CA-9A11-45E2-9A44-A10562D9C991}.Debug|Any CPU.Build.0 = Debug|Any CPU
		{F777D5CA-9A11-45E2-9A44-A10562D9C991}.Release|Any CPU.ActiveCfg = Release|Any CPU
		{F777D5CA-9A11-45E2-9A44-A10562D9C991}.Release|Any CPU.Build.0 = Release|Any CPU
		{AA75FD52-50BA-4E9E-AEC3-CE19B3BF2CA5}.Debug|Any CPU.ActiveCfg = Debug|Any CPU
		{AA75FD52-50BA-4E9E-AEC3-CE19B3BF2CA5}.Debug|Any CPU.Build.0 = Debug|Any CPU
		{AA75FD52-50BA-4E9E-AEC3-CE19B3BF2CA5}.Release|Any CPU.ActiveCfg = Release|Any CPU
		{AA75FD52-50BA-4E9E-AEC3-CE19B3BF2CA5}.Release|Any CPU.Build.0 = Release|Any CPU
		{F505C0D2-BAC5-4887-A440-9E3DBAA4E905}.Debug|Any CPU.ActiveCfg = Debug|Any CPU
		{F505C0D2-BAC5-4887-A440-9E3DBAA4E905}.Debug|Any CPU.Build.0 = Debug|Any CPU
		{F505C0D2-BAC5-4887-A440-9E3DBAA4E905}.Release|Any CPU.ActiveCfg = Release|Any CPU
		{F505C0D2-BAC5-4887-A440-9E3DBAA4E905}.Release|Any CPU.Build.0 = Release|Any CPU
		{B6B56A5C-C5AC-4EB4-8388-A89F86EAE3B2}.Debug|Any CPU.ActiveCfg = Debug|Any CPU
		{B6B56A5C-C5AC-4EB4-8388-A89F86EAE3B2}.Debug|Any CPU.Build.0 = Debug|Any CPU
		{B6B56A5C-C5AC-4EB4-8388-A89F86EAE3B2}.Release|Any CPU.ActiveCfg = Release|Any CPU
		{B6B56A5C-C5AC-4EB4-8388-A89F86EAE3B2}.Release|Any CPU.Build.0 = Release|Any CPU
		{511297F0-8140-45A0-B6AE-0E0677C43FA4}.Debug|Any CPU.ActiveCfg = Debug|Any CPU
		{511297F0-8140-45A0-B6AE-0E0677C43FA4}.Debug|Any CPU.Build.0 = Debug|Any CPU
		{511297F0-8140-45A0-B6AE-0E0677C43FA4}.Release|Any CPU.ActiveCfg = Release|Any CPU
		{511297F0-8140-45A0-B6AE-0E0677C43FA4}.Release|Any CPU.Build.0 = Release|Any CPU
		{04E9142C-DE45-4DB9-8CE3-C5D5C96BA22F}.Debug|Any CPU.ActiveCfg = Debug|Any CPU
		{04E9142C-DE45-4DB9-8CE3-C5D5C96BA22F}.Debug|Any CPU.Build.0 = Debug|Any CPU
		{04E9142C-DE45-4DB9-8CE3-C5D5C96BA22F}.Release|Any CPU.ActiveCfg = Release|Any CPU
		{04E9142C-DE45-4DB9-8CE3-C5D5C96BA22F}.Release|Any CPU.Build.0 = Release|Any CPU
		{218A42C6-6B5C-435E-98FC-02F53D6CC385}.Debug|Any CPU.ActiveCfg = Debug|Any CPU
		{218A42C6-6B5C-435E-98FC-02F53D6CC385}.Debug|Any CPU.Build.0 = Debug|Any CPU
		{218A42C6-6B5C-435E-98FC-02F53D6CC385}.Release|Any CPU.ActiveCfg = Release|Any CPU
		{218A42C6-6B5C-435E-98FC-02F53D6CC385}.Release|Any CPU.Build.0 = Release|Any CPU
		{D391CCF6-13F3-4D2B-A0BF-82672BBF36DD}.Debug|Any CPU.ActiveCfg = Debug|Any CPU
		{D391CCF6-13F3-4D2B-A0BF-82672BBF36DD}.Debug|Any CPU.Build.0 = Debug|Any CPU
		{D391CCF6-13F3-4D2B-A0BF-82672BBF36DD}.Release|Any CPU.ActiveCfg = Release|Any CPU
		{D391CCF6-13F3-4D2B-A0BF-82672BBF36DD}.Release|Any CPU.Build.0 = Release|Any CPU
		{C46EDD38-6A97-4E02-925F-B38C79D572DB}.Debug|Any CPU.ActiveCfg = Debug|Any CPU
		{C46EDD38-6A97-4E02-925F-B38C79D572DB}.Debug|Any CPU.Build.0 = Debug|Any CPU
		{C46EDD38-6A97-4E02-925F-B38C79D572DB}.Release|Any CPU.ActiveCfg = Release|Any CPU
		{C46EDD38-6A97-4E02-925F-B38C79D572DB}.Release|Any CPU.Build.0 = Release|Any CPU
		{25D09393-D584-48DA-BF72-21CC764D5584}.Debug|Any CPU.ActiveCfg = Debug|Any CPU
		{25D09393-D584-48DA-BF72-21CC764D5584}.Debug|Any CPU.Build.0 = Debug|Any CPU
		{25D09393-D584-48DA-BF72-21CC764D5584}.Release|Any CPU.ActiveCfg = Release|Any CPU
		{25D09393-D584-48DA-BF72-21CC764D5584}.Release|Any CPU.Build.0 = Release|Any CPU
		{C41F3684-C91A-4BC5-8AEC-F9E0F7693EF4}.Debug|Any CPU.ActiveCfg = Debug|Any CPU
		{C41F3684-C91A-4BC5-8AEC-F9E0F7693EF4}.Debug|Any CPU.Build.0 = Debug|Any CPU
		{C41F3684-C91A-4BC5-8AEC-F9E0F7693EF4}.Release|Any CPU.ActiveCfg = Release|Any CPU
		{C41F3684-C91A-4BC5-8AEC-F9E0F7693EF4}.Release|Any CPU.Build.0 = Release|Any CPU
		{50FD29F4-B7D0-41AA-9F4A-275D4C68DA0D}.Debug|Any CPU.ActiveCfg = Debug|Any CPU
		{50FD29F4-B7D0-41AA-9F4A-275D4C68DA0D}.Debug|Any CPU.Build.0 = Debug|Any CPU
		{50FD29F4-B7D0-41AA-9F4A-275D4C68DA0D}.Release|Any CPU.ActiveCfg = Release|Any CPU
		{50FD29F4-B7D0-41AA-9F4A-275D4C68DA0D}.Release|Any CPU.Build.0 = Release|Any CPU
	EndGlobalSection
	GlobalSection(SolutionProperties) = preSolution
		HideSolutionNode = FALSE
	EndGlobalSection
	GlobalSection(NestedProjects) = preSolution
		{187B0822-21CA-4942-9B9F-4DBBB74B8817} = {2C214CB7-4194-4A81-ACB5-7BD24456BC81}
		{933DD8D6-117C-4725-8C26-AA58B7D3D934} = {2C214CB7-4194-4A81-ACB5-7BD24456BC81}
		{B4B203F7-2B50-4912-8F87-38EF32AF4B7E} = {2C214CB7-4194-4A81-ACB5-7BD24456BC81}
		{A783B0C7-DEAD-4D61-9A86-FEF3E7F2AB92} = {2C214CB7-4194-4A81-ACB5-7BD24456BC81}
		{F777D5CA-9A11-45E2-9A44-A10562D9C991} = {2C214CB7-4194-4A81-ACB5-7BD24456BC81}
		{AA75FD52-50BA-4E9E-AEC3-CE19B3BF2CA5} = {2C214CB7-4194-4A81-ACB5-7BD24456BC81}
		{F505C0D2-BAC5-4887-A440-9E3DBAA4E905} = {2C214CB7-4194-4A81-ACB5-7BD24456BC81}
		{B6B56A5C-C5AC-4EB4-8388-A89F86EAE3B2} = {E4B46D51-F813-4A1B-8221-9D89ADD8F84A}
		{511297F0-8140-45A0-B6AE-0E0677C43FA4} = {2C214CB7-4194-4A81-ACB5-7BD24456BC81}
		{04E9142C-DE45-4DB9-8CE3-C5D5C96BA22F} = {32DE6562-F106-4AA8-941E-F09675838594}
		{218A42C6-6B5C-435E-98FC-02F53D6CC385} = {32DE6562-F106-4AA8-941E-F09675838594}
		{D391CCF6-13F3-4D2B-A0BF-82672BBF36DD} = {32DE6562-F106-4AA8-941E-F09675838594}
		{C46EDD38-6A97-4E02-925F-B38C79D572DB} = {EB986505-F620-4DE7-8063-9EFB4FAB19DC}
		{25D09393-D584-48DA-BF72-21CC764D5584} = {EB986505-F620-4DE7-8063-9EFB4FAB19DC}
		{C41F3684-C91A-4BC5-8AEC-F9E0F7693EF4} = {71FF8B87-0475-46D8-9A34-2A4D244F7A34}
		{50FD29F4-B7D0-41AA-9F4A-275D4C68DA0D} = {EB986505-F620-4DE7-8063-9EFB4FAB19DC}
	EndGlobalSection
	GlobalSection(ExtensibilityGlobals) = postSolution
		SolutionGuid = {44FD011E-072A-46B0-AC88-37789CB7A3E1}
	EndGlobalSection
EndGlobal
